
Microsoft Visual Studio Solution File, Format Version 12.00
# Visual Studio 14
VisualStudioVersion = 14.0.25420.1
MinimumVisualStudioVersion = 10.0.40219.1
Project("{FAE04EC0-301F-11D3-BF4B-00C04F79EFBC}") = "my_work", "my_work\my_work.csproj", "{9D80B306-6ACD-4F5B-A55C-84769E8478F8}"
EndProject
Project("{2150E333-8FDC-42A3-9474-1A3956D46DE8}") = "Solution Items", "Solution Items", "{0AC08D88-AFFB-48FA-9D17-DCCEE3673434}"
EndProject
Global
	GlobalSection(SolutionConfigurationPlatforms) = preSolution
		Debug|Any CPU = Debug|Any CPU
		Release|Any CPU = Release|Any CPU
	EndGlobalSection
	GlobalSection(ProjectConfigurationPlatforms) = postSolution
		{9D80B306-6ACD-4F5B-A55C-84769E8478F8}.Debug|Any CPU.ActiveCfg = Debug|Any CPU
		{9D80B306-6ACD-4F5B-A55C-84769E8478F8}.Debug|Any CPU.Build.0 = Debug|Any CPU
		{9D80B306-6ACD-4F5B-A55C-84769E8478F8}.Release|Any CPU.ActiveCfg = Release|Any CPU
		{9D80B306-6ACD-4F5B-A55C-84769E8478F8}.Release|Any CPU.Build.0 = Release|Any CPU
	EndGlobalSection
	GlobalSection(SolutionProperties) = preSolution
		HideSolutionNode = FALSE
	EndGlobalSection
EndGlobal
